{
  "nodes": {
    "flake-utils": {
      "locked": {
        "lastModified": 1631561581,
        "narHash": "sha256-3VQMV5zvxaVLvqqUrNz3iJelLw30mIVSfZmAaauM3dA=",
        "owner": "numtide",
        "repo": "flake-utils",
        "rev": "7e5bf3925f6fbdfaf50a2a7ca0be2879c4261d19",
        "type": "github"
      },
      "original": {
        "owner": "numtide",
        "repo": "flake-utils",
        "type": "github"
      }
    },
    "flake-utils_2": {
      "locked": {
        "lastModified": 1631561581,
        "narHash": "sha256-3VQMV5zvxaVLvqqUrNz3iJelLw30mIVSfZmAaauM3dA=",
        "owner": "numtide",
        "repo": "flake-utils",
        "rev": "7e5bf3925f6fbdfaf50a2a7ca0be2879c4261d19",
        "type": "github"
      },
      "original": {
        "owner": "numtide",
        "repo": "flake-utils",
        "type": "github"
      }
    },
    "lspkgs": {
      "inputs": {
        "flake-utils": "flake-utils_2",
        "nixpkgs": "nixpkgs"
      },
      "locked": {
        "lastModified": 1632666576,
        "narHash": "sha256-J27+MqAuFpnuLCd/IKcPzhrSH+ZaH68RoANuUf0krF8=",
        "owner": "locksport",
        "repo": "nix-flakes",
        "rev": "b35daf1a4bc8642811aa450fbaf5f6a4d1061db2",
        "type": "github"
      },
      "original": {
        "owner": "locksport",
        "repo": "nix-flakes",
        "type": "github"
      }
    },
    "nixpkgs": {
      "locked": {
        "lastModified": 1632665060,
        "narHash": "sha256-fPfqUDHKY4MdvXG0pXbw3Dqvt+Gu/iCchNuqC1wW1yY=",
        "owner": "NixOS",
        "repo": "nixpkgs",
        "rev": "1c15d094be192d5d76fac8e5ecfb4517340501fd",
        "type": "github"
      },
      "original": {
        "id": "nixpkgs",
        "type": "indirect"
      }
    },
    "nixpkgs_2": {
      "locked": {
        "lastModified": 1633030686,
        "narHash": "sha256-YpPRxqI0wn88nUhy9QzGp7q2bSyLHVukcpzKwzPj/Rs=",
        "owner": "NixOS",
        "repo": "nixpkgs",
        "rev": "48eba3e35c10d11b709af420f96a346022a6fc55",
        "type": "github"
      },
      "original": {
        "id": "nixpkgs",
        "type": "indirect"
      }
    },
    "root": {
      "inputs": {
        "flake-utils": "flake-utils",
        "lspkgs": "lspkgs",
        "nixpkgs": "nixpkgs_2"
      }
    }
  },
  "root": "root",
  "version": 7
}
